
Microsoft Visual Studio Solution File, Format Version 12.00
# Visual Studio Version 16
VisualStudioVersion = 16.0.29102.190
MinimumVisualStudioVersion = 10.0.40219.1
Project("{FAE04EC0-301F-11D3-BF4B-00C04F79EFBC}") = "PacktLibrary", "PacktLibrary\PacktLibrary.csproj", "{0441CF40-9356-4D99-A5D0-7F217D046D4E}"
EndProject
Project("{FAE04EC0-301F-11D3-BF4B-00C04F79EFBC}") = "PeopleApp", "PeopleApp\PeopleApp.csproj", "{52FFF1A1-8C66-4FC4-BBB7-1E163A9931BA}"
EndProject
Global
	GlobalSection(SolutionConfigurationPlatforms) = preSolution
		Debug|Any CPU = Debug|Any CPU
		Release|Any CPU = Release|Any CPU
	EndGlobalSection
	GlobalSection(ProjectConfigurationPlatforms) = postSolution
		{0441CF40-9356-4D99-A5D0-7F217D046D4E}.Debug|Any CPU.ActiveCfg = Debug|Any CPU
		{0441CF40-9356-4D99-A5D0-7F217D046D4E}.Debug|Any CPU.Build.0 = Debug|Any CPU
		{0441CF40-9356-4D99-A5D0-7F217D046D4E}.Release|Any CPU.ActiveCfg = Release|Any CPU
		{0441CF40-9356-4D99-A5D0-7F217D046D4E}.Release|Any CPU.Build.0 = Release|Any CPU
		{52FFF1A1-8C66-4FC4-BBB7-1E163A9931BA}.Debug|Any CPU.ActiveCfg = Debug|Any CPU
		{52FFF1A1-8C66-4FC4-BBB7-1E163A9931BA}.Debug|Any CPU.Build.0 = Debug|Any CPU
		{52FFF1A1-8C66-4FC4-BBB7-1E163A9931BA}.Release|Any CPU.ActiveCfg = Release|Any CPU
		{52FFF1A1-8C66-4FC4-BBB7-1E163A9931BA}.Release|Any CPU.Build.0 = Release|Any CPU
	EndGlobalSection
	GlobalSection(SolutionProperties) = preSolution
		HideSolutionNode = FALSE
	EndGlobalSection
	GlobalSection(ExtensibilityGlobals) = postSolution
		SolutionGuid = {DE31CFB9-415B-49E2-B1BC-3A025A7FA82E}
	EndGlobalSection
EndGlobal
